
Microsoft Visual Studio Solution File, Format Version 12.00
# Visual Studio Version 17
VisualStudioVersion = 17.5.33530.505
MinimumVisualStudioVersion = 10.0.40219.1
Project("{FAE04EC0-301F-11D3-BF4B-00C04F79EFBC}") = "TreeDataGridScrollIssue", "TreeDataGridScrollIssue\TreeDataGridScrollIssue.csproj", "{63D748B6-45BE-4DB4-98DA-1ACEBE53E902}"
EndProject
Global
	GlobalSection(SolutionConfigurationPlatforms) = preSolution
		Debug|Any CPU = Debug|Any CPU
		Release|Any CPU = Release|Any CPU
	EndGlobalSection
	GlobalSection(ProjectConfigurationPlatforms) = postSolution
		{63D748B6-45BE-4DB4-98DA-1ACEBE53E902}.Debug|Any CPU.ActiveCfg = Debug|Any CPU
		{63D748B6-45BE-4DB4-98DA-1ACEBE53E902}.Debug|Any CPU.Build.0 = Debug|Any CPU
		{63D748B6-45BE-4DB4-98DA-1ACEBE53E902}.Release|Any CPU.ActiveCfg = Release|Any CPU
		{63D748B6-45BE-4DB4-98DA-1ACEBE53E902}.Release|Any CPU.Build.0 = Release|Any CPU
	EndGlobalSection
	GlobalSection(SolutionProperties) = preSolution
		HideSolutionNode = FALSE
	EndGlobalSection
	GlobalSection(ExtensibilityGlobals) = postSolution
		SolutionGuid = {15C1611B-5934-4E02-87B7-73123F1E46F3}
	EndGlobalSection
EndGlobal
